{"packages":{"DartJsonClient":{"version":"0.0.0","source":"git","description":{"url":"git://github.com/vadimtsushko/DartJsonClient.git","ref":null,"resolved-ref":"507078ac2294dfc76b9a765b347899bda894b4aa"}},"mongo_dart":{"version":"0.0.1","source":"git","description":{"url":"git://github.com/vadimtsushko/mongo_dart.git","ref":null,"resolved-ref":"9d0848cb886eac0a303a9a89e14ca411920d995b"}},"args":{"version":"0.0.0-r.13122","source":"sdk","description":"args"},"logging":{"version":"0.0.0-r.13122","source":"sdk","description":"logging"},"log4dart":{"version":"1.0.0","source":"git","description":{"url":"git://github.com/Solvr/log4dart.git","ref":null,"resolved-ref":"611a51431033d5c79a17d3c37f0a97f239065399"}},"unittest":{"version":"0.0.0-r.13122","source":"sdk","description":"unittest"}}}